{
    "_meta": {
        "hash": {
            "sha256": "d837733a5b9f1230961213b9220c416980f195b83ec588f7f040d528beceb55e"
        },
        "pipfile-spec": 6,
        "requires": {
            "python_version": "3.8"
        },
        "sources": [
            {
                "name": "pypi",
                "url": "https://pypi.org/simple",
                "verify_ssl": true
            }
        ]
    },
    "default": {
        "asgiref": {
            "hashes": [
                "sha256:7e51911ee147dd685c3c8b805c0ad0cb58d360987b56953878f8c06d2d1c6f1a",
                "sha256:9fc6fb5d39b8af147ba40765234fa822b39818b12cc80b35ad9b0cef3a476aed"
            ],
            "version": "==3.2.10"
        },
        "django": {
            "hashes": [
                "sha256:a2127ad0150ec6966655bedf15dbbff9697cc86d61653db2da1afa506c0b04cc",
                "sha256:c93c28ccf1d094cbd00d860e83128a39e45d2c571d3b54361713aaaf9a94cac4"
            ],
            "index": "pypi",
            "version": "==3.1.2"
        },
        "django-gravatar2": {
            "hashes": [
                "sha256:545a6c2c5c624c7635dec29c7bc0be1a2cb89c9b8821af8616ae9838827cc35b",
                "sha256:c813280967511ced93eea0359f60e5369c35b3311efe565c3e5d4ab35c10c9ee"
            ],
            "index": "pypi",
            "version": "==1.4.4"
        },
        "django-markitup": {
            "hashes": [
                "sha256:938e202f66b3b6ab50af6b3f002638372520869d15037f5a3a67758ebce4fca0",
                "sha256:9e2ebd537ecd8b77b94a0f0ef30ec9f87006f3bd12711848136d4bf3166112af"
            ],
            "index": "pypi",
            "version": "==4.0.0"
        },
        "django-nose": {
            "hashes": [
                "sha256:304adc447ee35b889b733d7106004f98aa401d8387ddcada5d4f2239d86790a9",
                "sha256:a4885cd002d65fd2de96e2bb2563ef477c3fbe207009360c015fca5c3b5561b7"
            ],
            "index": "pypi",
            "version": "==1.4.7"
        },
        "gunicorn": {
            "hashes": [
                "sha256:1904bb2b8a43658807108d59c3f3d56c2b6121a701161de0ddf9ad140073c626",
                "sha256:cd4a810dd51bf497552cf3f863b575dabd73d6ad6a91075b65936b151cbf4f9c"
            ],
            "index": "pypi",
            "version": "==20.0.4"
        },
        "markdown": {
            "hashes": [
                "sha256:1fafe3f1ecabfb514a5285fca634a53c1b32a81cb0feb154264d55bf2ff22c17",
                "sha256:c467cd6233885534bf0fe96e62e3cf46cfc1605112356c4f9981512b8174de59"
            ],
            "index": "pypi",
            "version": "==3.2.2"
        },
        "nose": {
            "hashes": [
                "sha256:9ff7c6cc443f8c51994b34a667bbcf45afd6d945be7477b52e97516fd17c53ac",
                "sha256:dadcddc0aefbf99eea214e0f1232b94f2fa9bd98fa8353711dacb112bfcbbb2a",
                "sha256:f1bffef9cbc82628f6e7d7b40d7e255aefaa1adb6a1b1d26c69a8b79e6208a98"
            ],
            "version": "==1.3.7"
        },
        "pytz": {
            "hashes": [
                "sha256:a494d53b6d39c3c6e44c3bec237336e14305e4f29bbf800b599253057fbb79ed",
                "sha256:c35965d010ce31b23eeb663ed3cc8c906275d6be1a34393a1d73a41febf4a048"
            ],
            "version": "==2020.1"
        },
        "sqlparse": {
            "hashes": [
                "sha256:022fb9c87b524d1f7862b3037e541f68597a730a8843245c349fc93e1643dc4e",
                "sha256:e162203737712307dfe78860cc56c8da8a852ab2ee33750e33aeadf38d12c548"
            ],
            "version": "==0.3.1"
        }
    },
    "develop": {}
}
